{
  "requires": true,
  "lockfileVersion": 1,
  "dependencies": {
    "excel-date-to-js": {
      "version": "1.1.4",
      "resolved": "https://registry.npmjs.org/excel-date-to-js/-/excel-date-to-js-1.1.4.tgz",
      "integrity": "sha512-O+3Xgf0l+k+VMln6N8O2HAFlcjbs7HykUjbgKpuXfyPVGaxO+del6XA2g17ELJXZhiOh33U8CBKcfyQ7kTTuUg=="
    }
  }
}
